// !$*UTF8*$!
{
	archiveVersion = 1;
	classes = {
	};
	objectVersion = 46;
	objects = {

/* Begin PBXBuildFile section */
		854B5ABF18227935003727A3 /* ASIAuthenticationDialog.m in Sources */ = {isa = PBXBuildFile; fileRef = 854B5A9218227934003727A3 /* ASIAuthenticationDialog.m */; settings = {COMPILER_FLAGS = "-fno-objc-arc"; }; };
		854B5AC018227935003727A3 /* ASIDataCompressor.m in Sources */ = {isa = PBXBuildFile; fileRef = 854B5A9518227934003727A3 /* ASIDataCompressor.m */; settings = {COMPILER_FLAGS = "-fno-objc-arc"; }; };
		854B5AC118227935003727A3 /* ASIDataDecompressor.m in Sources */ = {isa = PBXBuildFile; fileRef = 854B5A9718227934003727A3 /* ASIDataDecompressor.m */; settings = {COMPILER_FLAGS = "-fno-objc-arc"; }; };
		854B5AC218227935003727A3 /* ASIDownloadCache.m in Sources */ = {isa = PBXBuildFile; fileRef = 854B5A9918227934003727A3 /* ASIDownloadCache.m */; settings = {COMPILER_FLAGS = "-fno-objc-arc"; }; };
		854B5AC318227935003727A3 /* ASIFormDataRequest.m in Sources */ = {isa = PBXBuildFile; fileRef = 854B5A9B18227934003727A3 /* ASIFormDataRequest.m */; settings = {COMPILER_FLAGS = "-fno-objc-arc"; }; };
		854B5AC418227935003727A3 /* ASIHTTPRequest.m in Sources */ = {isa = PBXBuildFile; fileRef = 854B5A9D18227934003727A3 /* ASIHTTPRequest.m */; settings = {COMPILER_FLAGS = "-fno-objc-arc"; }; };
		854B5AC518227935003727A3 /* ASIInputStream.m in Sources */ = {isa = PBXBuildFile; fileRef = 854B5AA118227934003727A3 /* ASIInputStream.m */; settings = {COMPILER_FLAGS = "-fno-objc-arc"; }; };
		854B5AC618227935003727A3 /* ASINetworkQueue.m in Sources */ = {isa = PBXBuildFile; fileRef = 854B5AA318227934003727A3 /* ASINetworkQueue.m */; settings = {COMPILER_FLAGS = "-fno-objc-arc"; }; };
		854B5AD418227A23003727A3 /* libz.dylib in Frameworks */ = {isa = PBXBuildFile; fileRef = 854B5AD318227A23003727A3 /* libz.dylib */; };
		854B5AD618227A2E003727A3 /* MobileCoreServices.framework in Frameworks */ = {isa = PBXBuildFile; fileRef = 854B5AD518227A2E003727A3 /* MobileCoreServices.framework */; };
		854B5AD818227A37003727A3 /* CFNetwork.framework in Frameworks */ = {isa = PBXBuildFile; fileRef = 854B5AD718227A37003727A3 /* CFNetwork.framework */; };
		854B5ADA18227A4B003727A3 /* SystemConfiguration.framework in Frameworks */ = {isa = PBXBuildFile; fileRef = 854B5AD918227A4B003727A3 /* SystemConfiguration.framework */; };
		854B5AFC18227D15003727A3 /* Reachability.m in Sources */ = {isa = PBXBuildFile; fileRef = 854B5AE118227D15003727A3 /* Reachability.m */; settings = {COMPILER_FLAGS = "-fno-objc-arc"; }; };
		854B5AFD18227D15003727A3 /* NSData+GIF.m in Sources */ = {isa = PBXBuildFile; fileRef = 854B5AE418227D15003727A3 /* NSData+GIF.m */; };
		854B5AFE18227D15003727A3 /* SDImageCache.m in Sources */ = {isa = PBXBuildFile; fileRef = 854B5AE618227D15003727A3 /* SDImageCache.m */; };
		854B5AFF18227D15003727A3 /* SDWebImageCompat.m in Sources */ = {isa = PBXBuildFile; fileRef = 854B5AE818227D15003727A3 /* SDWebImageCompat.m */; };
		854B5B0018227D15003727A3 /* SDWebImageDecoder.m in Sources */ = {isa = PBXBuildFile; fileRef = 854B5AEA18227D15003727A3 /* SDWebImageDecoder.m */; };
		854B5B0118227D15003727A3 /* SDWebImageDownloader.m in Sources */ = {isa = PBXBuildFile; fileRef = 854B5AEC18227D15003727A3 /* SDWebImageDownloader.m */; };
		854B5B0218227D15003727A3 /* SDWebImageDownloaderOperation.m in Sources */ = {isa = PBXBuildFile; fileRef = 854B5AEE18227D15003727A3 /* SDWebImageDownloaderOperation.m */; };
		854B5B0318227D15003727A3 /* SDWebImageManager.m in Sources */ = {isa = PBXBuildFile; fileRef = 854B5AF018227D15003727A3 /* SDWebImageManager.m */; };
		854B5B0418227D15003727A3 /* SDWebImagePrefetcher.m in Sources */ = {isa = PBXBuildFile; fileRef = 854B5AF318227D15003727A3 /* SDWebImagePrefetcher.m */; };
		854B5B0518227D15003727A3 /* UIButton+WebCache.m in Sources */ = {isa = PBXBuildFile; fileRef = 854B5AF518227D15003727A3 /* UIButton+WebCache.m */; };
		854B5B0618227D15003727A3 /* UIImage+GIF.m in Sources */ = {isa = PBXBuildFile; fileRef = 854B5AF718227D15003727A3 /* UIImage+GIF.m */; };
		854B5B0718227D15003727A3 /* UIImage+MultiFormat.m in Sources */ = {isa = PBXBuildFile; fileRef = 854B5AF918227D15003727A3 /* UIImage+MultiFormat.m */; };
		854B5B0818227D15003727A3 /* UIImageView+WebCache.m in Sources */ = {isa = PBXBuildFile; fileRef = 854B5AFB18227D15003727A3 /* UIImageView+WebCache.m */; };
		854B5B0B182285FF003727A3 /* PUHttpRequest.m in Sources */ = {isa = PBXBuildFile; fileRef = 854B5B0A182285FF003727A3 /* PUHttpRequest.m */; };
		854B5B0F18229C22003727A3 /* TestViewController.m in Sources */ = {isa = PBXBuildFile; fileRef = 854B5B0E18229C22003727A3 /* TestViewController.m */; };
		859EC05218224DD70050C6C6 /* Foundation.framework in Frameworks */ = {isa = PBXBuildFile; fileRef = 859EC05118224DD70050C6C6 /* Foundation.framework */; };
		859EC05418224DD70050C6C6 /* CoreGraphics.framework in Frameworks */ = {isa = PBXBuildFile; fileRef = 859EC05318224DD70050C6C6 /* CoreGraphics.framework */; };
		859EC05618224DD70050C6C6 /* UIKit.framework in Frameworks */ = {isa = PBXBuildFile; fileRef = 859EC05518224DD70050C6C6 /* UIKit.framework */; };
		859EC05C18224DD70050C6C6 /* InfoPlist.strings in Resources */ = {isa = PBXBuildFile; fileRef = 859EC05A18224DD70050C6C6 /* InfoPlist.strings */; };
		859EC05E18224DD70050C6C6 /* main.m in Sources */ = {isa = PBXBuildFile; fileRef = 859EC05D18224DD70050C6C6 /* main.m */; };
		859EC06218224DD70050C6C6 /* AppDelegate.m in Sources */ = {isa = PBXBuildFile; fileRef = 859EC06118224DD70050C6C6 /* AppDelegate.m */; };
		859EC06418224DD70050C6C6 /* Images.xcassets in Resources */ = {isa = PBXBuildFile; fileRef = 859EC06318224DD70050C6C6 /* Images.xcassets */; };
		859EC06B18224DD70050C6C6 /* XCTest.framework in Frameworks */ = {isa = PBXBuildFile; fileRef = 859EC06A18224DD70050C6C6 /* XCTest.framework */; };
		859EC06C18224DD70050C6C6 /* Foundation.framework in Frameworks */ = {isa = PBXBuildFile; fileRef = 859EC05118224DD70050C6C6 /* Foundation.framework */; };
		859EC06D18224DD70050C6C6 /* UIKit.framework in Frameworks */ = {isa = PBXBuildFile; fileRef = 859EC05518224DD70050C6C6 /* UIKit.framework */; };
		859EC07518224DD70050C6C6 /* InfoPlist.strings in Resources */ = {isa = PBXBuildFile; fileRef = 859EC07318224DD70050C6C6 /* InfoPlist.strings */; };
		859EC07718224DD70050C6C6 /* PUDemoTests.m in Sources */ = {isa = PBXBuildFile; fileRef = 859EC07618224DD70050C6C6 /* PUDemoTests.m */; };
/* End PBXBuildFile section */

/* Begin PBXContainerItemProxy section */
		859EC06E18224DD70050C6C6 /* PBXContainerItemProxy */ = {
			isa = PBXContainerItemProxy;
			containerPortal = 859EC04618224DD70050C6C6 /* Project object */;
			proxyType = 1;
			remoteGlobalIDString = 859EC04D18224DD70050C6C6;
			remoteInfo = PUDemo;
		};
/* End PBXContainerItemProxy section */

/* Begin PBXFileReference section */
		854B5A9118227934003727A3 /* ASIAuthenticationDialog.h */ = {isa = PBXFileReference; fileEncoding = 4; lastKnownFileType = sourcecode.c.h; path = ASIAuthenticationDialog.h; sourceTree = "<group>"; };
		854B5A9218227934003727A3 /* ASIAuthenticationDialog.m */ = {isa = PBXFileReference; fileEncoding = 4; lastKnownFileType = sourcecode.c.objc; path = ASIAuthenticationDialog.m; sourceTree = "<group>"; };
		854B5A9318227934003727A3 /* ASICacheDelegate.h */ = {isa = PBXFileReference; fileEncoding = 4; lastKnownFileType = sourcecode.c.h; path = ASICacheDelegate.h; sourceTree = "<group>"; };
		854B5A9418227934003727A3 /* ASIDataCompressor.h */ = {isa = PBXFileReference; fileEncoding = 4; lastKnownFileType = sourcecode.c.h; path = ASIDataCompressor.h; sourceTree = "<group>"; };
		854B5A9518227934003727A3 /* ASIDataCompressor.m */ = {isa = PBXFileReference; fileEncoding = 4; lastKnownFileType = sourcecode.c.objc; path = ASIDataCompressor.m; sourceTree = "<group>"; };
		854B5A9618227934003727A3 /* ASIDataDecompressor.h */ = {isa = PBXFileReference; fileEncoding = 4; lastKnownFileType = sourcecode.c.h; path = ASIDataDecompressor.h; sourceTree = "<group>"; };
		854B5A9718227934003727A3 /* ASIDataDecompressor.m */ = {isa = PBXFileReference; fileEncoding = 4; lastKnownFileType = sourcecode.c.objc; path = ASIDataDecompressor.m; sourceTree = "<group>"; };
		854B5A9818227934003727A3 /* ASIDownloadCache.h */ = {isa = PBXFileReference; fileEncoding = 4; lastKnownFileType = sourcecode.c.h; path = ASIDownloadCache.h; sourceTree = "<group>"; };
		854B5A9918227934003727A3 /* ASIDownloadCache.m */ = {isa = PBXFileReference; fileEncoding = 4; lastKnownFileType = sourcecode.c.objc; path = ASIDownloadCache.m; sourceTree = "<group>"; };
		854B5A9A18227934003727A3 /* ASIFormDataRequest.h */ = {isa = PBXFileReference; fileEncoding = 4; lastKnownFileType = sourcecode.c.h; path = ASIFormDataRequest.h; sourceTree = "<group>"; };
		854B5A9B18227934003727A3 /* ASIFormDataRequest.m */ = {isa = PBXFileReference; fileEncoding = 4; lastKnownFileType = sourcecode.c.objc; path = ASIFormDataRequest.m; sourceTree = "<group>"; };
		854B5A9C18227934003727A3 /* ASIHTTPRequest.h */ = {isa = PBXFileReference; fileEncoding = 4; lastKnownFileType = sourcecode.c.h; path = ASIHTTPRequest.h; sourceTree = "<group>"; };
		854B5A9D18227934003727A3 /* ASIHTTPRequest.m */ = {isa = PBXFileReference; fileEncoding = 4; lastKnownFileType = sourcecode.c.objc; path = ASIHTTPRequest.m; sourceTree = "<group>"; };
		854B5A9E18227934003727A3 /* ASIHTTPRequestConfig.h */ = {isa = PBXFileReference; fileEncoding = 4; lastKnownFileType = sourcecode.c.h; path = ASIHTTPRequestConfig.h; sourceTree = "<group>"; };
		854B5A9F18227934003727A3 /* ASIHTTPRequestDelegate.h */ = {isa = PBXFileReference; fileEncoding = 4; lastKnownFileType = sourcecode.c.h; path = ASIHTTPRequestDelegate.h; sourceTree = "<group>"; };
		854B5AA018227934003727A3 /* ASIInputStream.h */ = {isa = PBXFileReference; fileEncoding = 4; lastKnownFileType = sourcecode.c.h; path = ASIInputStream.h; sourceTree = "<group>"; };
		854B5AA118227934003727A3 /* ASIInputStream.m */ = {isa = PBXFileReference; fileEncoding = 4; lastKnownFileType = sourcecode.c.objc; path = ASIInputStream.m; sourceTree = "<group>"; };
		854B5AA218227934003727A3 /* ASINetworkQueue.h */ = {isa = PBXFileReference; fileEncoding = 4; lastKnownFileType = sourcecode.c.h; path = ASINetworkQueue.h; sourceTree = "<group>"; };
		854B5AA318227934003727A3 /* ASINetworkQueue.m */ = {isa = PBXFileReference; fileEncoding = 4; lastKnownFileType = sourcecode.c.objc; path = ASINetworkQueue.m; sourceTree = "<group>"; };
		854B5AA418227934003727A3 /* ASIProgressDelegate.h */ = {isa = PBXFileReference; fileEncoding = 4; lastKnownFileType = sourcecode.c.h; path = ASIProgressDelegate.h; sourceTree = "<group>"; };
		854B5AD318227A23003727A3 /* libz.dylib */ = {isa = PBXFileReference; lastKnownFileType = "compiled.mach-o.dylib"; name = libz.dylib; path = usr/lib/libz.dylib; sourceTree = SDKROOT; };
		854B5AD518227A2E003727A3 /* MobileCoreServices.framework */ = {isa = PBXFileReference; lastKnownFileType = wrapper.framework; name = MobileCoreServices.framework; path = System/Library/Frameworks/MobileCoreServices.framework; sourceTree = SDKROOT; };
		854B5AD718227A37003727A3 /* CFNetwork.framework */ = {isa = PBXFileReference; lastKnownFileType = wrapper.framework; name = CFNetwork.framework; path = System/Library/Frameworks/CFNetwork.framework; sourceTree = SDKROOT; };
		854B5AD918227A4B003727A3 /* SystemConfiguration.framework */ = {isa = PBXFileReference; lastKnownFileType = wrapper.framework; name = SystemConfiguration.framework; path = System/Library/Frameworks/SystemConfiguration.framework; sourceTree = SDKROOT; };
		854B5AE018227D15003727A3 /* Reachability.h */ = {isa = PBXFileReference; fileEncoding = 4; lastKnownFileType = sourcecode.c.h; path = Reachability.h; sourceTree = "<group>"; };
		854B5AE118227D15003727A3 /* Reachability.m */ = {isa = PBXFileReference; fileEncoding = 4; lastKnownFileType = sourcecode.c.objc; path = Reachability.m; sourceTree = "<group>"; };
		854B5AE318227D15003727A3 /* NSData+GIF.h */ = {isa = PBXFileReference; fileEncoding = 4; lastKnownFileType = sourcecode.c.h; path = "NSData+GIF.h"; sourceTree = "<group>"; };
		854B5AE418227D15003727A3 /* NSData+GIF.m */ = {isa = PBXFileReference; fileEncoding = 4; lastKnownFileType = sourcecode.c.objc; path = "NSData+GIF.m"; sourceTree = "<group>"; };
		854B5AE518227D15003727A3 /* SDImageCache.h */ = {isa = PBXFileReference; fileEncoding = 4; lastKnownFileType = sourcecode.c.h; path = SDImageCache.h; sourceTree = "<group>"; };
		854B5AE618227D15003727A3 /* SDImageCache.m */ = {isa = PBXFileReference; fileEncoding = 4; lastKnownFileType = sourcecode.c.objc; path = SDImageCache.m; sourceTree = "<group>"; };
		854B5AE718227D15003727A3 /* SDWebImageCompat.h */ = {isa = PBXFileReference; fileEncoding = 4; lastKnownFileType = sourcecode.c.h; path = SDWebImageCompat.h; sourceTree = "<group>"; };
		854B5AE818227D15003727A3 /* SDWebImageCompat.m */ = {isa = PBXFileReference; fileEncoding = 4; lastKnownFileType = sourcecode.c.objc; path = SDWebImageCompat.m; sourceTree = "<group>"; };
		854B5AE918227D15003727A3 /* SDWebImageDecoder.h */ = {isa = PBXFileReference; fileEncoding = 4; lastKnownFileType = sourcecode.c.h; path = SDWebImageDecoder.h; sourceTree = "<group>"; };
		854B5AEA18227D15003727A3 /* SDWebImageDecoder.m */ = {isa = PBXFileReference; fileEncoding = 4; lastKnownFileType = sourcecode.c.objc; path = SDWebImageDecoder.m; sourceTree = "<group>"; };
		854B5AEB18227D15003727A3 /* SDWebImageDownloader.h */ = {isa = PBXFileReference; fileEncoding = 4; lastKnownFileType = sourcecode.c.h; path = SDWebImageDownloader.h; sourceTree = "<group>"; };
		854B5AEC18227D15003727A3 /* SDWebImageDownloader.m */ = {isa = PBXFileReference; fileEncoding = 4; lastKnownFileType = sourcecode.c.objc; path = SDWebImageDownloader.m; sourceTree = "<group>"; };
		854B5AED18227D15003727A3 /* SDWebImageDownloaderOperation.h */ = {isa = PBXFileReference; fileEncoding = 4; lastKnownFileType = sourcecode.c.h; path = SDWebImageDownloaderOperation.h; sourceTree = "<group>"; };
		854B5AEE18227D15003727A3 /* SDWebImageDownloaderOperation.m */ = {isa = PBXFileReference; fileEncoding = 4; lastKnownFileType = sourcecode.c.objc; path = SDWebImageDownloaderOperation.m; sourceTree = "<group>"; };
		854B5AEF18227D15003727A3 /* SDWebImageManager.h */ = {isa = PBXFileReference; fileEncoding = 4; lastKnownFileType = sourcecode.c.h; path = SDWebImageManager.h; sourceTree = "<group>"; };
		854B5AF018227D15003727A3 /* SDWebImageManager.m */ = {isa = PBXFileReference; fileEncoding = 4; lastKnownFileType = sourcecode.c.objc; path = SDWebImageManager.m; sourceTree = "<group>"; };
		854B5AF118227D15003727A3 /* SDWebImageOperation.h */ = {isa = PBXFileReference; fileEncoding = 4; lastKnownFileType = sourcecode.c.h; path = SDWebImageOperation.h; sourceTree = "<group>"; };
		854B5AF218227D15003727A3 /* SDWebImagePrefetcher.h */ = {isa = PBXFileReference; fileEncoding = 4; lastKnownFileType = sourcecode.c.h; path = SDWebImagePrefetcher.h; sourceTree = "<group>"; };
		854B5AF318227D15003727A3 /* SDWebImagePrefetcher.m */ = {isa = PBXFileReference; fileEncoding = 4; lastKnownFileType = sourcecode.c.objc; path = SDWebImagePrefetcher.m; sourceTree = "<group>"; };
		854B5AF418227D15003727A3 /* UIButton+WebCache.h */ = {isa = PBXFileReference; fileEncoding = 4; lastKnownFileType = sourcecode.c.h; path = "UIButton+WebCache.h"; sourceTree = "<group>"; };
		854B5AF518227D15003727A3 /* UIButton+WebCache.m */ = {isa = PBXFileReference; fileEncoding = 4; lastKnownFileType = sourcecode.c.objc; path = "UIButton+WebCache.m"; sourceTree = "<group>"; };
		854B5AF618227D15003727A3 /* UIImage+GIF.h */ = {isa = PBXFileReference; fileEncoding = 4; lastKnownFileType = sourcecode.c.h; path = "UIImage+GIF.h"; sourceTree = "<group>"; };
		854B5AF718227D15003727A3 /* UIImage+GIF.m */ = {isa = PBXFileReference; fileEncoding = 4; lastKnownFileType = sourcecode.c.objc; path = "UIImage+GIF.m"; sourceTree = "<group>"; };
		854B5AF818227D15003727A3 /* UIImage+MultiFormat.h */ = {isa = PBXFileReference; fileEncoding = 4; lastKnownFileType = sourcecode.c.h; path = "UIImage+MultiFormat.h"; sourceTree = "<group>"; };
		854B5AF918227D15003727A3 /* UIImage+MultiFormat.m */ = {isa = PBXFileReference; fileEncoding = 4; lastKnownFileType = sourcecode.c.objc; path = "UIImage+MultiFormat.m"; sourceTree = "<group>"; };
		854B5AFA18227D15003727A3 /* UIImageView+WebCache.h */ = {isa = PBXFileReference; fileEncoding = 4; lastKnownFileType = sourcecode.c.h; path = "UIImageView+WebCache.h"; sourceTree = "<group>"; };
		854B5AFB18227D15003727A3 /* UIImageView+WebCache.m */ = {isa = PBXFileReference; fileEncoding = 4; lastKnownFileType = sourcecode.c.objc; path = "UIImageView+WebCache.m"; sourceTree = "<group>"; };
		854B5B09182285FF003727A3 /* PUHttpRequest.h */ = {isa = PBXFileReference; fileEncoding = 4; lastKnownFileType = sourcecode.c.h; path = PUHttpRequest.h; sourceTree = "<group>"; };
		854B5B0A182285FF003727A3 /* PUHttpRequest.m */ = {isa = PBXFileReference; fileEncoding = 4; lastKnownFileType = sourcecode.c.objc; path = PUHttpRequest.m; sourceTree = "<group>"; };
		854B5B0D18229C22003727A3 /* TestViewController.h */ = {isa = PBXFileReference; fileEncoding = 4; lastKnownFileType = sourcecode.c.h; path = TestViewController.h; sourceTree = "<group>"; };
		854B5B0E18229C22003727A3 /* TestViewController.m */ = {isa = PBXFileReference; fileEncoding = 4; lastKnownFileType = sourcecode.c.objc; path = TestViewController.m; sourceTree = "<group>"; };
		859EC04E18224DD70050C6C6 /* PUDemo.app */ = {isa = PBXFileReference; explicitFileType = wrapper.application; includeInIndex = 0; path = PUDemo.app; sourceTree = BUILT_PRODUCTS_DIR; };
		859EC05118224DD70050C6C6 /* Foundation.framework */ = {isa = PBXFileReference; lastKnownFileType = wrapper.framework; name = Foundation.framework; path = System/Library/Frameworks/Foundation.framework; sourceTree = SDKROOT; };
		859EC05318224DD70050C6C6 /* CoreGraphics.framework */ = {isa = PBXFileReference; lastKnownFileType = wrapper.framework; name = CoreGraphics.framework; path = System/Library/Frameworks/CoreGraphics.framework; sourceTree = SDKROOT; };
		859EC05518224DD70050C6C6 /* UIKit.framework */ = {isa = PBXFileReference; lastKnownFileType = wrapper.framework; name = UIKit.framework; path = System/Library/Frameworks/UIKit.framework; sourceTree = SDKROOT; };
		859EC05918224DD70050C6C6 /* PUDemo-Info.plist */ = {isa = PBXFileReference; lastKnownFileType = text.plist.xml; path = "PUDemo-Info.plist"; sourceTree = "<group>"; };
		859EC05B18224DD70050C6C6 /* en */ = {isa = PBXFileReference; lastKnownFileType = text.plist.strings; name = en; path = en.lproj/InfoPlist.strings; sourceTree = "<group>"; };
		859EC05D18224DD70050C6C6 /* main.m */ = {isa = PBXFileReference; lastKnownFileType = sourcecode.c.objc; path = main.m; sourceTree = "<group>"; };
		859EC05F18224DD70050C6C6 /* PUDemo-Prefix.pch */ = {isa = PBXFileReference; lastKnownFileType = sourcecode.c.h; path = "PUDemo-Prefix.pch"; sourceTree = "<group>"; };
		859EC06018224DD70050C6C6 /* AppDelegate.h */ = {isa = PBXFileReference; lastKnownFileType = sourcecode.c.h; path = AppDelegate.h; sourceTree = "<group>"; };
		859EC06118224DD70050C6C6 /* AppDelegate.m */ = {isa = PBXFileReference; lastKnownFileType = sourcecode.c.objc; path = AppDelegate.m; sourceTree = "<group>"; };
		859EC06318224DD70050C6C6 /* Images.xcassets */ = {isa = PBXFileReference; lastKnownFileType = folder.assetcatalog; path = Images.xcassets; sourceTree = "<group>"; };
		859EC06918224DD70050C6C6 /* PUDemoTests.xctest */ = {isa = PBXFileReference; explicitFileType = wrapper.cfbundle; includeInIndex = 0; path = PUDemoTests.xctest; sourceTree = BUILT_PRODUCTS_DIR; };
		859EC06A18224DD70050C6C6 /* XCTest.framework */ = {isa = PBXFileReference; lastKnownFileType = wrapper.framework; name = XCTest.framework; path = Library/Frameworks/XCTest.framework; sourceTree = DEVELOPER_DIR; };
		859EC07218224DD70050C6C6 /* PUDemoTests-Info.plist */ = {isa = PBXFileReference; lastKnownFileType = text.plist.xml; path = "PUDemoTests-Info.plist"; sourceTree = "<group>"; };
		859EC07418224DD70050C6C6 /* en */ = {isa = PBXFileReference; lastKnownFileType = text.plist.strings; name = en; path = en.lproj/InfoPlist.strings; sourceTree = "<group>"; };
		859EC07618224DD70050C6C6 /* PUDemoTests.m */ = {isa = PBXFileReference; lastKnownFileType = sourcecode.c.objc; path = PUDemoTests.m; sourceTree = "<group>"; };
/* End PBXFileReference section */

/* Begin PBXFrameworksBuildPhase section */
		859EC04B18224DD70050C6C6 /* Frameworks */ = {
			isa = PBXFrameworksBuildPhase;
			buildActionMask = 2147483647;
			files = (
				854B5ADA18227A4B003727A3 /* SystemConfiguration.framework in Frameworks */,
				854B5AD818227A37003727A3 /* CFNetwork.framework in Frameworks */,
				854B5AD618227A2E003727A3 /* MobileCoreServices.framework in Frameworks */,
				854B5AD418227A23003727A3 /* libz.dylib in Frameworks */,
				859EC05418224DD70050C6C6 /* CoreGraphics.framework in Frameworks */,
				859EC05618224DD70050C6C6 /* UIKit.framework in Frameworks */,
				859EC05218224DD70050C6C6 /* Foundation.framework in Frameworks */,
			);
			runOnlyForDeploymentPostprocessing = 0;
		};
		859EC06618224DD70050C6C6 /* Frameworks */ = {
			isa = PBXFrameworksBuildPhase;
			buildActionMask = 2147483647;
			files = (
				859EC06B18224DD70050C6C6 /* XCTest.framework in Frameworks */,
				859EC06D18224DD70050C6C6 /* UIKit.framework in Frameworks */,
				859EC06C18224DD70050C6C6 /* Foundation.framework in Frameworks */,
			);
			runOnlyForDeploymentPostprocessing = 0;
		};
/* End PBXFrameworksBuildPhase section */

/* Begin PBXGroup section */
		854B5A8C182278EE003727A3 /* PUUtility */ = {
			isa = PBXGroup;
			children = (
				854B5A8D182278EE003727A3 /* Support */,
				854B5A8E182278EE003727A3 /* Utility */,
			);
			path = PUUtility;
			sourceTree = SOURCE_ROOT;
		};
		854B5A8D182278EE003727A3 /* Support */ = {
			isa = PBXGroup;
			children = (
				854B5ADF18227D15003727A3 /* Reachability */,
				854B5AE218227D15003727A3 /* SDWebImageV3 */,
				854B5A9018227934003727A3 /* ASIHttpRequest */,
			);
			path = Support;
			sourceTree = "<group>";
		};
		854B5A8E182278EE003727A3 /* Utility */ = {
			isa = PBXGroup;
			children = (
				854B5A8F182278EE003727A3 /* BaseHttpRequest */,
			);
			path = Utility;
			sourceTree = "<group>";
		};
		854B5A8F182278EE003727A3 /* BaseHttpRequest */ = {
			isa = PBXGroup;
			children = (
				854B5B09182285FF003727A3 /* PUHttpRequest.h */,
				854B5B0A182285FF003727A3 /* PUHttpRequest.m */,
			);
			path = BaseHttpRequest;
			sourceTree = "<group>";
		};
		854B5A9018227934003727A3 /* ASIHttpRequest */ = {
			isa = PBXGroup;
			children = (
				854B5A9118227934003727A3 /* ASIAuthenticationDialog.h */,
				854B5A9218227934003727A3 /* ASIAuthenticationDialog.m */,
				854B5A9318227934003727A3 /* ASICacheDelegate.h */,
				854B5A9418227934003727A3 /* ASIDataCompressor.h */,
				854B5A9518227934003727A3 /* ASIDataCompressor.m */,
				854B5A9618227934003727A3 /* ASIDataDecompressor.h */,
				854B5A9718227934003727A3 /* ASIDataDecompressor.m */,
				854B5A9818227934003727A3 /* ASIDownloadCache.h */,
				854B5A9918227934003727A3 /* ASIDownloadCache.m */,
				854B5A9A18227934003727A3 /* ASIFormDataRequest.h */,
				854B5A9B18227934003727A3 /* ASIFormDataRequest.m */,
				854B5A9C18227934003727A3 /* ASIHTTPRequest.h */,
				854B5A9D18227934003727A3 /* ASIHTTPRequest.m */,
				854B5A9E18227934003727A3 /* ASIHTTPRequestConfig.h */,
				854B5A9F18227934003727A3 /* ASIHTTPRequestDelegate.h */,
				854B5AA018227934003727A3 /* ASIInputStream.h */,
				854B5AA118227934003727A3 /* ASIInputStream.m */,
				854B5AA218227934003727A3 /* ASINetworkQueue.h */,
				854B5AA318227934003727A3 /* ASINetworkQueue.m */,
				854B5AA418227934003727A3 /* ASIProgressDelegate.h */,
			);
			path = ASIHttpRequest;
			sourceTree = "<group>";
		};
		854B5ADF18227D15003727A3 /* Reachability */ = {
			isa = PBXGroup;
			children = (
				854B5AE018227D15003727A3 /* Reachability.h */,
				854B5AE118227D15003727A3 /* Reachability.m */,
			);
			path = Reachability;
			sourceTree = "<group>";
		};
		854B5AE218227D15003727A3 /* SDWebImageV3 */ = {
			isa = PBXGroup;
			children = (
				854B5AE318227D15003727A3 /* NSData+GIF.h */,
				854B5AE418227D15003727A3 /* NSData+GIF.m */,
				854B5AE518227D15003727A3 /* SDImageCache.h */,
				854B5AE618227D15003727A3 /* SDImageCache.m */,
				854B5AE718227D15003727A3 /* SDWebImageCompat.h */,
				854B5AE818227D15003727A3 /* SDWebImageCompat.m */,
				854B5AE918227D15003727A3 /* SDWebImageDecoder.h */,
				854B5AEA18227D15003727A3 /* SDWebImageDecoder.m */,
				854B5AEB18227D15003727A3 /* SDWebImageDownloader.h */,
				854B5AEC18227D15003727A3 /* SDWebImageDownloader.m */,
				854B5AED18227D15003727A3 /* SDWebImageDownloaderOperation.h */,
				854B5AEE18227D15003727A3 /* SDWebImageDownloaderOperation.m */,
				854B5AEF18227D15003727A3 /* SDWebImageManager.h */,
				854B5AF018227D15003727A3 /* SDWebImageManager.m */,
				854B5AF118227D15003727A3 /* SDWebImageOperation.h */,
				854B5AF218227D15003727A3 /* SDWebImagePrefetcher.h */,
				854B5AF318227D15003727A3 /* SDWebImagePrefetcher.m */,
				854B5AF418227D15003727A3 /* UIButton+WebCache.h */,
				854B5AF518227D15003727A3 /* UIButton+WebCache.m */,
				854B5AF618227D15003727A3 /* UIImage+GIF.h */,
				854B5AF718227D15003727A3 /* UIImage+GIF.m */,
				854B5AF818227D15003727A3 /* UIImage+MultiFormat.h */,
				854B5AF918227D15003727A3 /* UIImage+MultiFormat.m */,
				854B5AFA18227D15003727A3 /* UIImageView+WebCache.h */,
				854B5AFB18227D15003727A3 /* UIImageView+WebCache.m */,
			);
			path = SDWebImageV3;
			sourceTree = "<group>";
		};
		854B5B0C18229C06003727A3 /* Classes */ = {
			isa = PBXGroup;
			children = (
				854B5B0D18229C22003727A3 /* TestViewController.h */,
				854B5B0E18229C22003727A3 /* TestViewController.m */,
			);
			path = Classes;
			sourceTree = "<group>";
		};
		859EC04518224DD70050C6C6 = {
			isa = PBXGroup;
			children = (
				859EC05718224DD70050C6C6 /* PUDemo */,
				859EC07018224DD70050C6C6 /* PUDemoTests */,
				859EC05018224DD70050C6C6 /* Frameworks */,
				859EC04F18224DD70050C6C6 /* Products */,
			);
			sourceTree = "<group>";
		};
		859EC04F18224DD70050C6C6 /* Products */ = {
			isa = PBXGroup;
			children = (
				859EC04E18224DD70050C6C6 /* PUDemo.app */,
				859EC06918224DD70050C6C6 /* PUDemoTests.xctest */,
			);
			name = Products;
			sourceTree = "<group>";
		};
		859EC05018224DD70050C6C6 /* Frameworks */ = {
			isa = PBXGroup;
			children = (
				854B5AD918227A4B003727A3 /* SystemConfiguration.framework */,
				854B5AD718227A37003727A3 /* CFNetwork.framework */,
				854B5AD518227A2E003727A3 /* MobileCoreServices.framework */,
				854B5AD318227A23003727A3 /* libz.dylib */,
				859EC05118224DD70050C6C6 /* Foundation.framework */,
				859EC05318224DD70050C6C6 /* CoreGraphics.framework */,
				859EC05518224DD70050C6C6 /* UIKit.framework */,
				859EC06A18224DD70050C6C6 /* XCTest.framework */,
			);
			name = Frameworks;
			sourceTree = "<group>";
		};
		859EC05718224DD70050C6C6 /* PUDemo */ = {
			isa = PBXGroup;
			children = (
				854B5A8C182278EE003727A3 /* PUUtility */,
				854B5B0C18229C06003727A3 /* Classes */,
				859EC06018224DD70050C6C6 /* AppDelegate.h */,
				859EC06118224DD70050C6C6 /* AppDelegate.m */,
				859EC06318224DD70050C6C6 /* Images.xcassets */,
				859EC05818224DD70050C6C6 /* Supporting Files */,
			);
			path = PUDemo;
			sourceTree = "<group>";
		};
		859EC05818224DD70050C6C6 /* Supporting Files */ = {
			isa = PBXGroup;
			children = (
				859EC05918224DD70050C6C6 /* PUDemo-Info.plist */,
				859EC05A18224DD70050C6C6 /* InfoPlist.strings */,
				859EC05D18224DD70050C6C6 /* main.m */,
				859EC05F18224DD70050C6C6 /* PUDemo-Prefix.pch */,
			);
			name = "Supporting Files";
			sourceTree = "<group>";
		};
		859EC07018224DD70050C6C6 /* PUDemoTests */ = {
			isa = PBXGroup;
			children = (
				859EC07618224DD70050C6C6 /* PUDemoTests.m */,
				859EC07118224DD70050C6C6 /* Supporting Files */,
			);
			path = PUDemoTests;
			sourceTree = "<group>";
		};
		859EC07118224DD70050C6C6 /* Supporting Files */ = {
			isa = PBXGroup;
			children = (
				859EC07218224DD70050C6C6 /* PUDemoTests-Info.plist */,
				859EC07318224DD70050C6C6 /* InfoPlist.strings */,
			);
			name = "Supporting Files";
			sourceTree = "<group>";
		};
/* End PBXGroup section */

/* Begin PBXNativeTarget section */
		859EC04D18224DD70050C6C6 /* PUDemo */ = {
			isa = PBXNativeTarget;
			buildConfigurationList = 859EC07A18224DD70050C6C6 /* Build configuration list for PBXNativeTarget "PUDemo" */;
			buildPhases = (
				859EC04A18224DD70050C6C6 /* Sources */,
				859EC04B18224DD70050C6C6 /* Frameworks */,
				859EC04C18224DD70050C6C6 /* Resources */,
			);
			buildRules = (
			);
			dependencies = (
			);
			name = PUDemo;
			productName = PUDemo;
			productReference = 859EC04E18224DD70050C6C6 /* PUDemo.app */;
			productType = "com.apple.product-type.application";
		};
		859EC06818224DD70050C6C6 /* PUDemoTests */ = {
			isa = PBXNativeTarget;
			buildConfigurationList = 859EC07D18224DD70050C6C6 /* Build configuration list for PBXNativeTarget "PUDemoTests" */;
			buildPhases = (
				859EC06518224DD70050C6C6 /* Sources */,
				859EC06618224DD70050C6C6 /* Frameworks */,
				859EC06718224DD70050C6C6 /* Resources */,
			);
			buildRules = (
			);
			dependencies = (
				859EC06F18224DD70050C6C6 /* PBXTargetDependency */,
			);
			name = PUDemoTests;
			productName = PUDemoTests;
			productReference = 859EC06918224DD70050C6C6 /* PUDemoTests.xctest */;
			productType = "com.apple.product-type.bundle.unit-test";
		};
/* End PBXNativeTarget section */

/* Begin PBXProject section */
		859EC04618224DD70050C6C6 /* Project object */ = {
			isa = PBXProject;
			attributes = {
				LastUpgradeCheck = 0500;
				ORGANIZATIONNAME = njut;
				TargetAttributes = {
					859EC06818224DD70050C6C6 = {
						TestTargetID = 859EC04D18224DD70050C6C6;
					};
				};
			};
			buildConfigurationList = 859EC04918224DD70050C6C6 /* Build configuration list for PBXProject "PUDemo" */;
			compatibilityVersion = "Xcode 3.2";
			developmentRegion = English;
			hasScannedForEncodings = 0;
			knownRegions = (
				en,
			);
			mainGroup = 859EC04518224DD70050C6C6;
			productRefGroup = 859EC04F18224DD70050C6C6 /* Products */;
			projectDirPath = "";
			projectRoot = "";
			targets = (
				859EC04D18224DD70050C6C6 /* PUDemo */,
				859EC06818224DD70050C6C6 /* PUDemoTests */,
			);
		};
/* End PBXProject section */

/* Begin PBXResourcesBuildPhase section */
		859EC04C18224DD70050C6C6 /* Resources */ = {
			isa = PBXResourcesBuildPhase;
			buildActionMask = 2147483647;
			files = (
				859EC05C18224DD70050C6C6 /* InfoPlist.strings in Resources */,
				859EC06418224DD70050C6C6 /* Images.xcassets in Resources */,
			);
			runOnlyForDeploymentPostprocessing = 0;
		};
		859EC06718224DD70050C6C6 /* Resources */ = {
			isa = PBXResourcesBuildPhase;
			buildActionMask = 2147483647;
			files = (
				859EC07518224DD70050C6C6 /* InfoPlist.strings in Resources */,
			);
			runOnlyForDeploymentPostprocessing = 0;
		};
/* End PBXResourcesBuildPhase section */

/* Begin PBXSourcesBuildPhase section */
		859EC04A18224DD70050C6C6 /* Sources */ = {
			isa = PBXSourcesBuildPhase;
			buildActionMask = 2147483647;
			files = (
				854B5AC318227935003727A3 /* ASIFormDataRequest.m in Sources */,
				854B5AC418227935003727A3 /* ASIHTTPRequest.m in Sources */,
				859EC06218224DD70050C6C6 /* AppDelegate.m in Sources */,
				854B5B0418227D15003727A3 /* SDWebImagePrefetcher.m in Sources */,
				854B5B0318227D15003727A3 /* SDWebImageManager.m in Sources */,
				854B5AFC18227D15003727A3 /* Reachability.m in Sources */,
				854B5ABF18227935003727A3 /* ASIAuthenticationDialog.m in Sources */,
				854B5AFF18227D15003727A3 /* SDWebImageCompat.m in Sources */,
				854B5B0B182285FF003727A3 /* PUHttpRequest.m in Sources */,
				854B5AC618227935003727A3 /* ASINetworkQueue.m in Sources */,
				854B5B0018227D15003727A3 /* SDWebImageDecoder.m in Sources */,
				854B5B0718227D15003727A3 /* UIImage+MultiFormat.m in Sources */,
				854B5B0218227D15003727A3 /* SDWebImageDownloaderOperation.m in Sources */,
				854B5B0118227D15003727A3 /* SDWebImageDownloader.m in Sources */,
				854B5B0F18229C22003727A3 /* TestViewController.m in Sources */,
				854B5B0618227D15003727A3 /* UIImage+GIF.m in Sources */,
				854B5AC218227935003727A3 /* ASIDownloadCache.m in Sources */,
				854B5AFD18227D15003727A3 /* NSData+GIF.m in Sources */,
				854B5AC518227935003727A3 /* ASIInputStream.m in Sources */,
				854B5AC018227935003727A3 /* ASIDataCompressor.m in Sources */,
				854B5AFE18227D15003727A3 /* SDImageCache.m in Sources */,
				854B5B0518227D15003727A3 /* UIButton+WebCache.m in Sources */,
				859EC05E18224DD70050C6C6 /* main.m in Sources */,
				854B5B0818227D15003727A3 /* UIImageView+WebCache.m in Sources */,
				854B5AC118227935003727A3 /* ASIDataDecompressor.m in Sources */,
			);
			runOnlyForDeploymentPostprocessing = 0;
		};
		859EC06518224DD70050C6C6 /* Sources */ = {
			isa = PBXSourcesBuildPhase;
			buildActionMask = 2147483647;
			files = (
				859EC07718224DD70050C6C6 /* PUDemoTests.m in Sources */,
			);
			runOnlyForDeploymentPostprocessing = 0;
		};
/* End PBXSourcesBuildPhase section */

/* Begin PBXTargetDependency section */
		859EC06F18224DD70050C6C6 /* PBXTargetDependency */ = {
			isa = PBXTargetDependency;
			target = 859EC04D18224DD70050C6C6 /* PUDemo */;
			targetProxy = 859EC06E18224DD70050C6C6 /* PBXContainerItemProxy */;
		};
/* End PBXTargetDependency section */

/* Begin PBXVariantGroup section */
		859EC05A18224DD70050C6C6 /* InfoPlist.strings */ = {
			isa = PBXVariantGroup;
			children = (
				859EC05B18224DD70050C6C6 /* en */,
			);
			name = InfoPlist.strings;
			sourceTree = "<group>";
		};
		859EC07318224DD70050C6C6 /* InfoPlist.strings */ = {
			isa = PBXVariantGroup;
			children = (
				859EC07418224DD70050C6C6 /* en */,
			);
			name = InfoPlist.strings;
			sourceTree = "<group>";
		};
/* End PBXVariantGroup section */

/* Begin XCBuildConfiguration section */
		859EC07818224DD70050C6C6 /* Debug */ = {
			isa = XCBuildConfiguration;
			buildSettings = {
				ALWAYS_SEARCH_USER_PATHS = NO;
				ARCHS = "$(ARCHS_STANDARD_INCLUDING_64_BIT)";
				CLANG_CXX_LANGUAGE_STANDARD = "gnu++0x";
				CLANG_CXX_LIBRARY = "libc++";
				CLANG_ENABLE_MODULES = YES;
				CLANG_ENABLE_OBJC_ARC = YES;
				CLANG_WARN_BOOL_CONVERSION = YES;
				CLANG_WARN_CONSTANT_CONVERSION = YES;
				CLANG_WARN_DIRECT_OBJC_ISA_USAGE = YES_ERROR;
				CLANG_WARN_EMPTY_BODY = YES;
				CLANG_WARN_ENUM_CONVERSION = YES;
				CLANG_WARN_INT_CONVERSION = YES;
				CLANG_WARN_OBJC_ROOT_CLASS = YES_ERROR;
				CLANG_WARN__DUPLICATE_METHOD_MATCH = YES;
				"CODE_SIGN_IDENTITY[sdk=iphoneos*]" = "iPhone Developer";
				COPY_PHASE_STRIP = NO;
				GCC_C_LANGUAGE_STANDARD = gnu99;
				GCC_DYNAMIC_NO_PIC = NO;
				GCC_OPTIMIZATION_LEVEL = 0;
				GCC_PREPROCESSOR_DEFINITIONS = (
					"DEBUG=1",
					"$(inherited)",
				);
				GCC_SYMBOLS_PRIVATE_EXTERN = NO;
				GCC_WARN_64_TO_32_BIT_CONVERSION = YES;
				GCC_WARN_ABOUT_RETURN_TYPE = YES_ERROR;
				GCC_WARN_UNDECLARED_SELECTOR = YES;
				GCC_WARN_UNINITIALIZED_AUTOS = YES;
				GCC_WARN_UNUSED_FUNCTION = YES;
				GCC_WARN_UNUSED_VARIABLE = YES;
				IPHONEOS_DEPLOYMENT_TARGET = 6.0;
				ONLY_ACTIVE_ARCH = YES;
				SDKROOT = iphoneos;
				TARGETED_DEVICE_FAMILY = "1,2";
			};
			name = Debug;
		};
		859EC07918224DD70050C6C6 /* Release */ = {
			isa = XCBuildConfiguration;
			buildSettings = {
				ALWAYS_SEARCH_USER_PATHS = NO;
				ARCHS = "$(ARCHS_STANDARD_INCLUDING_64_BIT)";
				CLANG_CXX_LANGUAGE_STANDARD = "gnu++0x";
				CLANG_CXX_LIBRARY = "libc++";
				CLANG_ENABLE_MODULES = YES;
				CLANG_ENABLE_OBJC_ARC = YES;
				CLANG_WARN_BOOL_CONVERSION = YES;
				CLANG_WARN_CONSTANT_CONVERSION = YES;
				CLANG_WARN_DIRECT_OBJC_ISA_USAGE = YES_ERROR;
				CLANG_WARN_EMPTY_BODY = YES;
				CLANG_WARN_ENUM_CONVERSION = YES;
				CLANG_WARN_INT_CONVERSION = YES;
				CLANG_WARN_OBJC_ROOT_CLASS = YES_ERROR;
				CLANG_WARN__DUPLICATE_METHOD_MATCH = YES;
				"CODE_SIGN_IDENTITY[sdk=iphoneos*]" = "iPhone Developer";
				COPY_PHASE_STRIP = YES;
				ENABLE_NS_ASSERTIONS = NO;
				GCC_C_LANGUAGE_STANDARD = gnu99;
				GCC_WARN_64_TO_32_BIT_CONVERSION = YES;
				GCC_WARN_ABOUT_RETURN_TYPE = YES_ERROR;
				GCC_WARN_UNDECLARED_SELECTOR = YES;
				GCC_WARN_UNINITIALIZED_AUTOS = YES;
				GCC_WARN_UNUSED_FUNCTION = YES;
				GCC_WARN_UNUSED_VARIABLE = YES;
				IPHONEOS_DEPLOYMENT_TARGET = 6.0;
				SDKROOT = iphoneos;
				TARGETED_DEVICE_FAMILY = "1,2";
				VALIDATE_PRODUCT = YES;
			};
			name = Release;
		};
		859EC07B18224DD70050C6C6 /* Debug */ = {
			isa = XCBuildConfiguration;
			buildSettings = {
				ASSETCATALOG_COMPILER_APPICON_NAME = AppIcon;
				ASSETCATALOG_COMPILER_LAUNCHIMAGE_NAME = LaunchImage;
				GCC_PRECOMPILE_PREFIX_HEADER = YES;
				GCC_PREFIX_HEADER = "PUDemo/PUDemo-Prefix.pch";
				INFOPLIST_FILE = "PUDemo/PUDemo-Info.plist";
				PRODUCT_NAME = "$(TARGET_NAME)";
				WRAPPER_EXTENSION = app;
			};
			name = Debug;
		};
		859EC07C18224DD70050C6C6 /* Release */ = {
			isa = XCBuildConfiguration;
			buildSettings = {
				ASSETCATALOG_COMPILER_APPICON_NAME = AppIcon;
				ASSETCATALOG_COMPILER_LAUNCHIMAGE_NAME = LaunchImage;
				GCC_PRECOMPILE_PREFIX_HEADER = YES;
				GCC_PREFIX_HEADER = "PUDemo/PUDemo-Prefix.pch";
				INFOPLIST_FILE = "PUDemo/PUDemo-Info.plist";
				PRODUCT_NAME = "$(TARGET_NAME)";
				WRAPPER_EXTENSION = app;
			};
			name = Release;
		};
		859EC07E18224DD70050C6C6 /* Debug */ = {
			isa = XCBuildConfiguration;
			buildSettings = {
				ARCHS = "$(ARCHS_STANDARD_INCLUDING_64_BIT)";
				BUNDLE_LOADER = "$(BUILT_PRODUCTS_DIR)/PUDemo.app/PUDemo";
				FRAMEWORK_SEARCH_PATHS = (
					"$(SDKROOT)/Developer/Library/Frameworks",
					"$(inherited)",
					"$(DEVELOPER_FRAMEWORKS_DIR)",
				);
				GCC_PRECOMPILE_PREFIX_HEADER = YES;
				GCC_PREFIX_HEADER = "PUDemo/PUDemo-Prefix.pch";
				GCC_PREPROCESSOR_DEFINITIONS = (
					"DEBUG=1",
					"$(inherited)",
				);
				INFOPLIST_FILE = "PUDemoTests/PUDemoTests-Info.plist";
				PRODUCT_NAME = "$(TARGET_NAME)";
				TEST_HOST = "$(BUNDLE_LOADER)";
				WRAPPER_EXTENSION = xctest;
			};
			name = Debug;
		};
		859EC07F18224DD70050C6C6 /* Release */ = {
			isa = XCBuildConfiguration;
			buildSettings = {
				ARCHS = "$(ARCHS_STANDARD_INCLUDING_64_BIT)";
				BUNDLE_LOADER = "$(BUILT_PRODUCTS_DIR)/PUDemo.app/PUDemo";
				FRAMEWORK_SEARCH_PATHS = (
					"$(SDKROOT)/Developer/Library/Frameworks",
					"$(inherited)",
					"$(DEVELOPER_FRAMEWORKS_DIR)",
				);
				GCC_PRECOMPILE_PREFIX_HEADER = YES;
				GCC_PREFIX_HEADER = "PUDemo/PUDemo-Prefix.pch";
				INFOPLIST_FILE = "PUDemoTests/PUDemoTests-Info.plist";
				PRODUCT_NAME = "$(TARGET_NAME)";
				TEST_HOST = "$(BUNDLE_LOADER)";
				WRAPPER_EXTENSION = xctest;
			};
			name = Release;
		};
/* End XCBuildConfiguration section */

/* Begin XCConfigurationList section */
		859EC04918224DD70050C6C6 /* Build configuration list for PBXProject "PUDemo" */ = {
			isa = XCConfigurationList;
			buildConfigurations = (
				859EC07818224DD70050C6C6 /* Debug */,
				859EC07918224DD70050C6C6 /* Release */,
			);
			defaultConfigurationIsVisible = 0;
			defaultConfigurationName = Release;
		};
		859EC07A18224DD70050C6C6 /* Build configuration list for PBXNativeTarget "PUDemo" */ = {
			isa = XCConfigurationList;
			buildConfigurations = (
				859EC07B18224DD70050C6C6 /* Debug */,
				859EC07C18224DD70050C6C6 /* Release */,
			);
			defaultConfigurationIsVisible = 0;
			defaultConfigurationName = Release;
		};
		859EC07D18224DD70050C6C6 /* Build configuration list for PBXNativeTarget "PUDemoTests" */ = {
			isa = XCConfigurationList;
			buildConfigurations = (
				859EC07E18224DD70050C6C6 /* Debug */,
				859EC07F18224DD70050C6C6 /* Release */,
			);
			defaultConfigurationIsVisible = 0;
			defaultConfigurationName = Release;
		};
/* End XCConfigurationList section */
	};
	rootObject = 859EC04618224DD70050C6C6 /* Project object */;
}
